
Microsoft Visual Studio Solution File, Format Version 12.00
# Visual Studio Version 16
VisualStudioVersion = 16.0.33529.622
MinimumVisualStudioVersion = 10.0.40219.1
Project("{FAE04EC0-301F-11D3-BF4B-00C04F79EFBC}") = "Garrafeira", "Garrafeira\Garrafeira.csproj", "{27979A20-358C-4843-AD10-08E4B9070E62}"
EndProject
Global
	GlobalSection(SolutionConfigurationPlatforms) = preSolution
		Debug|Any CPU = Debug|Any CPU
		Release|Any CPU = Release|Any CPU
	EndGlobalSection
	GlobalSection(ProjectConfigurationPlatforms) = postSolution
		{27979A20-358C-4843-AD10-08E4B9070E62}.Debug|Any CPU.ActiveCfg = Debug|Any CPU
		{27979A20-358C-4843-AD10-08E4B9070E62}.Debug|Any CPU.Build.0 = Debug|Any CPU
		{27979A20-358C-4843-AD10-08E4B9070E62}.Release|Any CPU.ActiveCfg = Release|Any CPU
		{27979A20-358C-4843-AD10-08E4B9070E62}.Release|Any CPU.Build.0 = Release|Any CPU
	EndGlobalSection
	GlobalSection(SolutionProperties) = preSolution
		HideSolutionNode = FALSE
	EndGlobalSection
	GlobalSection(ExtensibilityGlobals) = postSolution
		SolutionGuid = {3D8059C5-1C04-4BB8-9CDA-D1E850B6DD3C}
	EndGlobalSection
EndGlobal
